// !$*UTF8*$!
{
	archiveVersion = 1;
	classes = {
	};
	objectVersion = 46;
	objects = {

/* Begin PBXBuildFile section */
		980FDABF15EBE14100380D53 /* LayoutManager.m in Sources */ = {isa = PBXBuildFile; fileRef = 980FDABE15EBE14100380D53 /* LayoutManager.m */; };
		980FDAC215EBE8B900380D53 /* PrimitiveBox.m in Sources */ = {isa = PBXBuildFile; fileRef = 980FDAC115EBE8B900380D53 /* PrimitiveBox.m */; };
		980FDAC515EBE8C300380D53 /* Glue.m in Sources */ = {isa = PBXBuildFile; fileRef = 980FDAC415EBE8C300380D53 /* Glue.m */; };
		980FDAC915EBFC6900380D53 /* HorizontalBox.m in Sources */ = {isa = PBXBuildFile; fileRef = 980FDAC815EBFC6900380D53 /* HorizontalBox.m */; };
		9814855F15E54F170026E714 /* DocumentView.m in Sources */ = {isa = PBXBuildFile; fileRef = 9814855E15E54F170026E714 /* DocumentView.m */; };
		9814856215E552510026E714 /* AppDelegate.m in Sources */ = {isa = PBXBuildFile; fileRef = 9814856115E552510026E714 /* AppDelegate.m */; };
		9814856515E555E50026E714 /* AdviceView.m in Sources */ = {isa = PBXBuildFile; fileRef = 9814856415E555E50026E714 /* AdviceView.m */; };
		9884318F15E6BFD90057752B /* Modern.m in Sources */ = {isa = PBXBuildFile; fileRef = 9884318E15E6BFD90057752B /* Modern.m */; };
		98AE3F7915E6895D004CE0D4 /* Command.m in Sources */ = {isa = PBXBuildFile; fileRef = 98AE3F7815E6895D004CE0D4 /* Command.m */; };
		98AE3F7E15E68E95004CE0D4 /* SchemaMode.m in Sources */ = {isa = PBXBuildFile; fileRef = 98AE3F7D15E68E95004CE0D4 /* SchemaMode.m */; };
		FC024B5C15E5AEBC00368FEA /* DocumentWindowController.m in Sources */ = {isa = PBXBuildFile; fileRef = FC024B5B15E5AEBC00368FEA /* DocumentWindowController.m */; };
		FC382B8915EC55E700AEA2A8 /* VerticalBox.m in Sources */ = {isa = PBXBuildFile; fileRef = FC382B8815EC55E700AEA2A8 /* VerticalBox.m */; };
		FC68D56115E9294D0050BADE /* Application.iconset in Resources */ = {isa = PBXBuildFile; fileRef = FC68D56015E9294D0050BADE /* Application.iconset */; };
		FC68D56315E92C680050BADE /* Document.iconset in Resources */ = {isa = PBXBuildFile; fileRef = FC68D56215E92C680050BADE /* Document.iconset */; };
		FC7EF81315E30FF8009A6BBC /* Cocoa.framework in Frameworks */ = {isa = PBXBuildFile; fileRef = FC7EF81215E30FF8009A6BBC /* Cocoa.framework */; };
		FC7EF81D15E30FF8009A6BBC /* InfoPlist.strings in Resources */ = {isa = PBXBuildFile; fileRef = FC7EF81B15E30FF8009A6BBC /* InfoPlist.strings */; };
		FC7EF81F15E30FF8009A6BBC /* main.m in Sources */ = {isa = PBXBuildFile; fileRef = FC7EF81E15E30FF8009A6BBC /* main.m */; };
		FC7EF82315E30FF8009A6BBC /* Credits.rtf in Resources */ = {isa = PBXBuildFile; fileRef = FC7EF82115E30FF8009A6BBC /* Credits.rtf */; };
		FC7EF82615E30FF8009A6BBC /* Document.m in Sources */ = {isa = PBXBuildFile; fileRef = FC7EF82515E30FF8009A6BBC /* Document.m */; };
		FC7EF82915E30FF8009A6BBC /* Document.xib in Resources */ = {isa = PBXBuildFile; fileRef = FC7EF82715E30FF8009A6BBC /* Document.xib */; };
		FC7EF82C15E30FF8009A6BBC /* MainMenu.xib in Resources */ = {isa = PBXBuildFile; fileRef = FC7EF82A15E30FF8009A6BBC /* MainMenu.xib */; };
		FCA21A5015E9974B009727B8 /* ModernPresentation.m in Sources */ = {isa = PBXBuildFile; fileRef = FCA21A4F15E9974B009727B8 /* ModernPresentation.m */; };
		FCA21A5415E99D7D009727B8 /* ModernStyle.m in Sources */ = {isa = PBXBuildFile; fileRef = FCA21A5315E99D7D009727B8 /* ModernStyle.m */; };
/* End PBXBuildFile section */

/* Begin PBXFileReference section */
		980FDABD15EBE14100380D53 /* LayoutManager.h */ = {isa = PBXFileReference; fileEncoding = 4; lastKnownFileType = sourcecode.c.h; path = LayoutManager.h; sourceTree = "<group>"; };
		980FDABE15EBE14100380D53 /* LayoutManager.m */ = {isa = PBXFileReference; fileEncoding = 4; lastKnownFileType = sourcecode.c.objc; path = LayoutManager.m; sourceTree = "<group>"; };
		980FDAC015EBE8B900380D53 /* PrimitiveBox.h */ = {isa = PBXFileReference; fileEncoding = 4; lastKnownFileType = sourcecode.c.h; path = PrimitiveBox.h; sourceTree = "<group>"; };
		980FDAC115EBE8B900380D53 /* PrimitiveBox.m */ = {isa = PBXFileReference; fileEncoding = 4; lastKnownFileType = sourcecode.c.objc; path = PrimitiveBox.m; sourceTree = "<group>"; };
		980FDAC315EBE8C300380D53 /* Glue.h */ = {isa = PBXFileReference; fileEncoding = 4; lastKnownFileType = sourcecode.c.h; path = Glue.h; sourceTree = "<group>"; };
		980FDAC415EBE8C300380D53 /* Glue.m */ = {isa = PBXFileReference; fileEncoding = 4; lastKnownFileType = sourcecode.c.objc; path = Glue.m; sourceTree = "<group>"; };
		980FDAC615EBFBC400380D53 /* Box.h */ = {isa = PBXFileReference; lastKnownFileType = sourcecode.c.h; path = Box.h; sourceTree = "<group>"; };
		980FDAC715EBFC6900380D53 /* HorizontalBox.h */ = {isa = PBXFileReference; fileEncoding = 4; lastKnownFileType = sourcecode.c.h; path = HorizontalBox.h; sourceTree = "<group>"; };
		980FDAC815EBFC6900380D53 /* HorizontalBox.m */ = {isa = PBXFileReference; fileEncoding = 4; lastKnownFileType = sourcecode.c.objc; path = HorizontalBox.m; sourceTree = "<group>"; };
		9814855D15E54F170026E714 /* DocumentView.h */ = {isa = PBXFileReference; fileEncoding = 4; lastKnownFileType = sourcecode.c.h; path = DocumentView.h; sourceTree = "<group>"; };
		9814855E15E54F170026E714 /* DocumentView.m */ = {isa = PBXFileReference; fileEncoding = 4; lastKnownFileType = sourcecode.c.objc; path = DocumentView.m; sourceTree = "<group>"; };
		9814856015E552510026E714 /* AppDelegate.h */ = {isa = PBXFileReference; fileEncoding = 4; lastKnownFileType = sourcecode.c.h; path = AppDelegate.h; sourceTree = "<group>"; };
		9814856115E552510026E714 /* AppDelegate.m */ = {isa = PBXFileReference; fileEncoding = 4; lastKnownFileType = sourcecode.c.objc; path = AppDelegate.m; sourceTree = "<group>"; };
		9814856315E555E50026E714 /* AdviceView.h */ = {isa = PBXFileReference; fileEncoding = 4; lastKnownFileType = sourcecode.c.h; path = AdviceView.h; sourceTree = "<group>"; };
		9814856415E555E50026E714 /* AdviceView.m */ = {isa = PBXFileReference; fileEncoding = 4; lastKnownFileType = sourcecode.c.objc; path = AdviceView.m; sourceTree = "<group>"; };
		9884318D15E6BFD90057752B /* Modern.h */ = {isa = PBXFileReference; fileEncoding = 4; lastKnownFileType = sourcecode.c.h; name = Modern.h; path = ObjC/Modern.h; sourceTree = "<group>"; };
		9884318E15E6BFD90057752B /* Modern.m */ = {isa = PBXFileReference; fileEncoding = 4; lastKnownFileType = sourcecode.c.objc; name = Modern.m; path = ObjC/Modern.m; sourceTree = "<group>"; };
		98AE3F7715E6895D004CE0D4 /* Command.h */ = {isa = PBXFileReference; fileEncoding = 4; lastKnownFileType = sourcecode.c.h; path = Command.h; sourceTree = "<group>"; };
		98AE3F7815E6895D004CE0D4 /* Command.m */ = {isa = PBXFileReference; fileEncoding = 4; lastKnownFileType = sourcecode.c.objc; path = Command.m; sourceTree = "<group>"; };
		98AE3F7B15E68DFF004CE0D4 /* Mode.h */ = {isa = PBXFileReference; lastKnownFileType = sourcecode.c.h; path = Mode.h; sourceTree = "<group>"; };
		98AE3F7C15E68E95004CE0D4 /* SchemaMode.h */ = {isa = PBXFileReference; fileEncoding = 4; lastKnownFileType = sourcecode.c.h; path = SchemaMode.h; sourceTree = "<group>"; };
		98AE3F7D15E68E95004CE0D4 /* SchemaMode.m */ = {isa = PBXFileReference; fileEncoding = 4; lastKnownFileType = sourcecode.c.objc; path = SchemaMode.m; sourceTree = "<group>"; };
		FC024B5A15E5AEBC00368FEA /* DocumentWindowController.h */ = {isa = PBXFileReference; fileEncoding = 4; lastKnownFileType = sourcecode.c.h; path = DocumentWindowController.h; sourceTree = "<group>"; };
		FC024B5B15E5AEBC00368FEA /* DocumentWindowController.m */ = {isa = PBXFileReference; fileEncoding = 4; lastKnownFileType = sourcecode.c.objc; path = DocumentWindowController.m; sourceTree = "<group>"; };
		FC382B8715EC55E700AEA2A8 /* VerticalBox.h */ = {isa = PBXFileReference; fileEncoding = 4; lastKnownFileType = sourcecode.c.h; path = VerticalBox.h; sourceTree = "<group>"; };
		FC382B8815EC55E700AEA2A8 /* VerticalBox.m */ = {isa = PBXFileReference; fileEncoding = 4; lastKnownFileType = sourcecode.c.objc; path = VerticalBox.m; sourceTree = "<group>"; };
		FC68D56015E9294D0050BADE /* Application.iconset */ = {isa = PBXFileReference; lastKnownFileType = folder.iconset; path = Application.iconset; sourceTree = "<group>"; };
		FC68D56215E92C680050BADE /* Document.iconset */ = {isa = PBXFileReference; lastKnownFileType = folder.iconset; path = Document.iconset; sourceTree = "<group>"; };
		FC7EF80E15E30FF8009A6BBC /* Drill.app */ = {isa = PBXFileReference; explicitFileType = wrapper.application; includeInIndex = 0; path = Drill.app; sourceTree = BUILT_PRODUCTS_DIR; };
		FC7EF81215E30FF8009A6BBC /* Cocoa.framework */ = {isa = PBXFileReference; lastKnownFileType = wrapper.framework; name = Cocoa.framework; path = System/Library/Frameworks/Cocoa.framework; sourceTree = SDKROOT; };
		FC7EF81515E30FF8009A6BBC /* AppKit.framework */ = {isa = PBXFileReference; lastKnownFileType = wrapper.framework; name = AppKit.framework; path = System/Library/Frameworks/AppKit.framework; sourceTree = SDKROOT; };
		FC7EF81615E30FF8009A6BBC /* CoreData.framework */ = {isa = PBXFileReference; lastKnownFileType = wrapper.framework; name = CoreData.framework; path = System/Library/Frameworks/CoreData.framework; sourceTree = SDKROOT; };
		FC7EF81715E30FF8009A6BBC /* Foundation.framework */ = {isa = PBXFileReference; lastKnownFileType = wrapper.framework; name = Foundation.framework; path = System/Library/Frameworks/Foundation.framework; sourceTree = SDKROOT; };
		FC7EF81A15E30FF8009A6BBC /* Info.plist */ = {isa = PBXFileReference; lastKnownFileType = text.plist; path = Info.plist; sourceTree = "<group>"; };
		FC7EF81C15E30FF8009A6BBC /* en */ = {isa = PBXFileReference; lastKnownFileType = text.plist.strings; name = en; path = en.lproj/InfoPlist.strings; sourceTree = "<group>"; };
		FC7EF81E15E30FF8009A6BBC /* main.m */ = {isa = PBXFileReference; lastKnownFileType = sourcecode.c.objc; path = main.m; sourceTree = "<group>"; };
		FC7EF82015E30FF8009A6BBC /* Prefix.pch */ = {isa = PBXFileReference; lastKnownFileType = sourcecode.c.h; path = Prefix.pch; sourceTree = "<group>"; };
		FC7EF82215E30FF8009A6BBC /* en */ = {isa = PBXFileReference; lastKnownFileType = text.rtf; name = en; path = en.lproj/Credits.rtf; sourceTree = "<group>"; };
		FC7EF82415E30FF8009A6BBC /* Document.h */ = {isa = PBXFileReference; lastKnownFileType = sourcecode.c.h; path = Document.h; sourceTree = "<group>"; };
		FC7EF82515E30FF8009A6BBC /* Document.m */ = {isa = PBXFileReference; lastKnownFileType = sourcecode.c.objc; path = Document.m; sourceTree = "<group>"; };
		FC7EF83915E312D1009A6BBC /* en */ = {isa = PBXFileReference; lastKnownFileType = file.xib; name = en; path = en.lproj/Document.xib; sourceTree = "<group>"; };
		FC7EF83A15E312EE009A6BBC /* en */ = {isa = PBXFileReference; lastKnownFileType = file.xib; name = en; path = en.lproj/MainMenu.xib; sourceTree = "<group>"; };
		FCA21A4E15E9974B009727B8 /* ModernPresentation.h */ = {isa = PBXFileReference; fileEncoding = 4; lastKnownFileType = sourcecode.c.h; name = ModernPresentation.h; path = ObjC/ModernPresentation.h; sourceTree = "<group>"; };
		FCA21A4F15E9974B009727B8 /* ModernPresentation.m */ = {isa = PBXFileReference; fileEncoding = 4; lastKnownFileType = sourcecode.c.objc; name = ModernPresentation.m; path = ObjC/ModernPresentation.m; sourceTree = "<group>"; };
		FCA21A5215E99D7D009727B8 /* ModernStyle.h */ = {isa = PBXFileReference; fileEncoding = 4; lastKnownFileType = sourcecode.c.h; name = ModernStyle.h; path = ObjC/ModernStyle.h; sourceTree = "<group>"; };
		FCA21A5315E99D7D009727B8 /* ModernStyle.m */ = {isa = PBXFileReference; fileEncoding = 4; lastKnownFileType = sourcecode.c.objc; name = ModernStyle.m; path = ObjC/ModernStyle.m; sourceTree = "<group>"; };
/* End PBXFileReference section */

/* Begin PBXFrameworksBuildPhase section */
		FC7EF80B15E30FF8009A6BBC /* Frameworks */ = {
			isa = PBXFrameworksBuildPhase;
			buildActionMask = 2147483647;
			files = (
				FC7EF81315E30FF8009A6BBC /* Cocoa.framework in Frameworks */,
			);
			runOnlyForDeploymentPostprocessing = 0;
		};
/* End PBXFrameworksBuildPhase section */

/* Begin PBXGroup section */
		980FDABB15EBE12900380D53 /* Presentation */ = {
			isa = PBXGroup;
			children = (
				980FDABD15EBE14100380D53 /* LayoutManager.h */,
				980FDABE15EBE14100380D53 /* LayoutManager.m */,
				980FDAC615EBFBC400380D53 /* Box.h */,
				980FDAC015EBE8B900380D53 /* PrimitiveBox.h */,
				980FDAC115EBE8B900380D53 /* PrimitiveBox.m */,
				980FDAC715EBFC6900380D53 /* HorizontalBox.h */,
				980FDAC815EBFC6900380D53 /* HorizontalBox.m */,
				FC382B8715EC55E700AEA2A8 /* VerticalBox.h */,
				FC382B8815EC55E700AEA2A8 /* VerticalBox.m */,
				980FDAC315EBE8C300380D53 /* Glue.h */,
				980FDAC415EBE8C300380D53 /* Glue.m */,
			);
			name = Presentation;
			sourceTree = "<group>";
		};
		9884319115E6BFE00057752B /* Modern Data */ = {
			isa = PBXGroup;
			children = (
				9884318D15E6BFD90057752B /* Modern.h */,
				9884318E15E6BFD90057752B /* Modern.m */,
				FCA21A4E15E9974B009727B8 /* ModernPresentation.h */,
				FCA21A4F15E9974B009727B8 /* ModernPresentation.m */,
				FCA21A5215E99D7D009727B8 /* ModernStyle.h */,
				FCA21A5315E99D7D009727B8 /* ModernStyle.m */,
			);
			name = "Modern Data";
			path = ..;
			sourceTree = "<group>";
		};
		98AE3F7F15E68EA7004CE0D4 /* Interaction */ = {
			isa = PBXGroup;
			children = (
				98AE3F7715E6895D004CE0D4 /* Command.h */,
				98AE3F7815E6895D004CE0D4 /* Command.m */,
				98AE3F7B15E68DFF004CE0D4 /* Mode.h */,
				98AE3F7C15E68E95004CE0D4 /* SchemaMode.h */,
				98AE3F7D15E68E95004CE0D4 /* SchemaMode.m */,
			);
			name = Interaction;
			sourceTree = "<group>";
		};
		98AE3F8015E68EB6004CE0D4 /* GUI */ = {
			isa = PBXGroup;
			children = (
				FC7EF81E15E30FF8009A6BBC /* main.m */,
				9814856015E552510026E714 /* AppDelegate.h */,
				9814856115E552510026E714 /* AppDelegate.m */,
				9814856315E555E50026E714 /* AdviceView.h */,
				9814856415E555E50026E714 /* AdviceView.m */,
				FC7EF82415E30FF8009A6BBC /* Document.h */,
				FC7EF82515E30FF8009A6BBC /* Document.m */,
				FC024B5A15E5AEBC00368FEA /* DocumentWindowController.h */,
				FC024B5B15E5AEBC00368FEA /* DocumentWindowController.m */,
				9814855D15E54F170026E714 /* DocumentView.h */,
				9814855E15E54F170026E714 /* DocumentView.m */,
			);
			name = GUI;
			sourceTree = "<group>";
		};
		98BCF56215E82147001C1CEB /* Resources */ = {
			isa = PBXGroup;
			children = (
				FC68D56015E9294D0050BADE /* Application.iconset */,
				FC68D56215E92C680050BADE /* Document.iconset */,
			);
			path = Resources;
			sourceTree = "<group>";
		};
		FC7EF80315E30FF8009A6BBC = {
			isa = PBXGroup;
			children = (
				FC7EF81815E30FF8009A6BBC /* Code */,
				FC7EF83715E31076009A6BBC /* XIBs */,
				FC7EF81915E30FF8009A6BBC /* Supporting Files */,
				98BCF56215E82147001C1CEB /* Resources */,
				FC7EF81115E30FF8009A6BBC /* Frameworks */,
				FC7EF80F15E30FF8009A6BBC /* Products */,
			);
			sourceTree = "<group>";
		};
		FC7EF80F15E30FF8009A6BBC /* Products */ = {
			isa = PBXGroup;
			children = (
				FC7EF80E15E30FF8009A6BBC /* Drill.app */,
			);
			name = Products;
			sourceTree = "<group>";
		};
		FC7EF81115E30FF8009A6BBC /* Frameworks */ = {
			isa = PBXGroup;
			children = (
				FC7EF81215E30FF8009A6BBC /* Cocoa.framework */,
				FC7EF81415E30FF8009A6BBC /* Other Frameworks */,
			);
			name = Frameworks;
			sourceTree = "<group>";
		};
		FC7EF81415E30FF8009A6BBC /* Other Frameworks */ = {
			isa = PBXGroup;
			children = (
				FC7EF81515E30FF8009A6BBC /* AppKit.framework */,
				FC7EF81615E30FF8009A6BBC /* CoreData.framework */,
				FC7EF81715E30FF8009A6BBC /* Foundation.framework */,
			);
			name = "Other Frameworks";
			sourceTree = "<group>";
		};
		FC7EF81815E30FF8009A6BBC /* Code */ = {
			isa = PBXGroup;
			children = (
				98AE3F8015E68EB6004CE0D4 /* GUI */,
				98AE3F7F15E68EA7004CE0D4 /* Interaction */,
				980FDABB15EBE12900380D53 /* Presentation */,
				9884319115E6BFE00057752B /* Modern Data */,
			);
			name = Code;
			path = ObjC;
			sourceTree = "<group>";
		};
		FC7EF81915E30FF8009A6BBC /* Supporting Files */ = {
			isa = PBXGroup;
			children = (
				FC7EF81A15E30FF8009A6BBC /* Info.plist */,
				FC7EF81B15E30FF8009A6BBC /* InfoPlist.strings */,
				FC7EF82015E30FF8009A6BBC /* Prefix.pch */,
				FC7EF82115E30FF8009A6BBC /* Credits.rtf */,
			);
			name = "Supporting Files";
			path = Support;
			sourceTree = "<group>";
		};
		FC7EF83715E31076009A6BBC /* XIBs */ = {
			isa = PBXGroup;
			children = (
				FC7EF82715E30FF8009A6BBC /* Document.xib */,
				FC7EF82A15E30FF8009A6BBC /* MainMenu.xib */,
			);
			path = XIBs;
			sourceTree = "<group>";
		};
/* End PBXGroup section */

/* Begin PBXNativeTarget section */
		FC7EF80D15E30FF8009A6BBC /* Drill */ = {
			isa = PBXNativeTarget;
			buildConfigurationList = FC7EF82F15E30FF8009A6BBC /* Build configuration list for PBXNativeTarget "Drill" */;
			buildPhases = (
				FC7EF80A15E30FF8009A6BBC /* Sources */,
				FC7EF80B15E30FF8009A6BBC /* Frameworks */,
				FC7EF80C15E30FF8009A6BBC /* Resources */,
			);
			buildRules = (
			);
			dependencies = (
			);
			name = Drill;
			productName = Med;
			productReference = FC7EF80E15E30FF8009A6BBC /* Drill.app */;
			productType = "com.apple.product-type.application";
		};
/* End PBXNativeTarget section */

/* Begin PBXProject section */
		FC7EF80515E30FF8009A6BBC /* Project object */ = {
			isa = PBXProject;
			attributes = {
				LastUpgradeCheck = 0450;
				ORGANIZATIONNAME = "Irene Knapp";
			};
			buildConfigurationList = FC7EF80815E30FF8009A6BBC /* Build configuration list for PBXProject "Drill" */;
			compatibilityVersion = "Xcode 3.2";
			developmentRegion = English;
			hasScannedForEncodings = 0;
			knownRegions = (
				en,
			);
			mainGroup = FC7EF80315E30FF8009A6BBC;
			productRefGroup = FC7EF80F15E30FF8009A6BBC /* Products */;
			projectDirPath = "";
			projectRoot = "";
			targets = (
				FC7EF80D15E30FF8009A6BBC /* Drill */,
			);
		};
/* End PBXProject section */

/* Begin PBXResourcesBuildPhase section */
		FC7EF80C15E30FF8009A6BBC /* Resources */ = {
			isa = PBXResourcesBuildPhase;
			buildActionMask = 2147483647;
			files = (
				FC7EF81D15E30FF8009A6BBC /* InfoPlist.strings in Resources */,
				FC7EF82315E30FF8009A6BBC /* Credits.rtf in Resources */,
				FC7EF82915E30FF8009A6BBC /* Document.xib in Resources */,
				FC7EF82C15E30FF8009A6BBC /* MainMenu.xib in Resources */,
				FC68D56115E9294D0050BADE /* Application.iconset in Resources */,
				FC68D56315E92C680050BADE /* Document.iconset in Resources */,
			);
			runOnlyForDeploymentPostprocessing = 0;
		};
/* End PBXResourcesBuildPhase section */

/* Begin PBXSourcesBuildPhase section */
		FC7EF80A15E30FF8009A6BBC /* Sources */ = {
			isa = PBXSourcesBuildPhase;
			buildActionMask = 2147483647;
			files = (
				FC7EF81F15E30FF8009A6BBC /* main.m in Sources */,
				FC7EF82615E30FF8009A6BBC /* Document.m in Sources */,
				9814855F15E54F170026E714 /* DocumentView.m in Sources */,
				9814856215E552510026E714 /* AppDelegate.m in Sources */,
				9814856515E555E50026E714 /* AdviceView.m in Sources */,
				FC024B5C15E5AEBC00368FEA /* DocumentWindowController.m in Sources */,
				98AE3F7915E6895D004CE0D4 /* Command.m in Sources */,
				98AE3F7E15E68E95004CE0D4 /* SchemaMode.m in Sources */,
				9884318F15E6BFD90057752B /* Modern.m in Sources */,
				FCA21A5015E9974B009727B8 /* ModernPresentation.m in Sources */,
				FCA21A5415E99D7D009727B8 /* ModernStyle.m in Sources */,
				980FDABF15EBE14100380D53 /* LayoutManager.m in Sources */,
				980FDAC215EBE8B900380D53 /* PrimitiveBox.m in Sources */,
				980FDAC515EBE8C300380D53 /* Glue.m in Sources */,
				980FDAC915EBFC6900380D53 /* HorizontalBox.m in Sources */,
				FC382B8915EC55E700AEA2A8 /* VerticalBox.m in Sources */,
			);
			runOnlyForDeploymentPostprocessing = 0;
		};
/* End PBXSourcesBuildPhase section */

/* Begin PBXVariantGroup section */
		FC7EF81B15E30FF8009A6BBC /* InfoPlist.strings */ = {
			isa = PBXVariantGroup;
			children = (
				FC7EF81C15E30FF8009A6BBC /* en */,
			);
			name = InfoPlist.strings;
			sourceTree = "<group>";
		};
		FC7EF82115E30FF8009A6BBC /* Credits.rtf */ = {
			isa = PBXVariantGroup;
			children = (
				FC7EF82215E30FF8009A6BBC /* en */,
			);
			name = Credits.rtf;
			sourceTree = "<group>";
		};
		FC7EF82715E30FF8009A6BBC /* Document.xib */ = {
			isa = PBXVariantGroup;
			children = (
				FC7EF83915E312D1009A6BBC /* en */,
			);
			name = Document.xib;
			sourceTree = "<group>";
		};
		FC7EF82A15E30FF8009A6BBC /* MainMenu.xib */ = {
			isa = PBXVariantGroup;
			children = (
				FC7EF83A15E312EE009A6BBC /* en */,
			);
			name = MainMenu.xib;
			sourceTree = "<group>";
		};
/* End PBXVariantGroup section */

/* Begin XCBuildConfiguration section */
		FC7EF82D15E30FF8009A6BBC /* Debug */ = {
			isa = XCBuildConfiguration;
			buildSettings = {
				ALWAYS_SEARCH_USER_PATHS = NO;
				ARCHS = "$(ARCHS_STANDARD_64_BIT)";
				CLANG_CXX_LANGUAGE_STANDARD = "gnu++0x";
				CLANG_CXX_LIBRARY = "libc++";
				CLANG_ENABLE_OBJC_ARC = YES;
				CLANG_WARN__DUPLICATE_METHOD_MATCH = YES;
				COPY_PHASE_STRIP = NO;
				GCC_C_LANGUAGE_STANDARD = gnu99;
				GCC_DYNAMIC_NO_PIC = NO;
				GCC_ENABLE_OBJC_EXCEPTIONS = YES;
				GCC_OPTIMIZATION_LEVEL = 0;
				GCC_PREPROCESSOR_DEFINITIONS = (
					"DEBUG=1",
					"$(inherited)",
				);
				GCC_SYMBOLS_PRIVATE_EXTERN = NO;
				GCC_WARN_64_TO_32_BIT_CONVERSION = YES;
				GCC_WARN_ABOUT_RETURN_TYPE = YES;
				GCC_WARN_UNINITIALIZED_AUTOS = YES;
				GCC_WARN_UNUSED_VARIABLE = YES;
				MACOSX_DEPLOYMENT_TARGET = 10.8;
				ONLY_ACTIVE_ARCH = YES;
				SDKROOT = macosx;
			};
			name = Debug;
		};
		FC7EF82E15E30FF8009A6BBC /* Release */ = {
			isa = XCBuildConfiguration;
			buildSettings = {
				ALWAYS_SEARCH_USER_PATHS = NO;
				ARCHS = "$(ARCHS_STANDARD_64_BIT)";
				CLANG_CXX_LANGUAGE_STANDARD = "gnu++0x";
				CLANG_CXX_LIBRARY = "libc++";
				CLANG_ENABLE_OBJC_ARC = YES;
				CLANG_WARN__DUPLICATE_METHOD_MATCH = YES;
				COPY_PHASE_STRIP = YES;
				DEBUG_INFORMATION_FORMAT = "dwarf-with-dsym";
				GCC_C_LANGUAGE_STANDARD = gnu99;
				GCC_ENABLE_OBJC_EXCEPTIONS = YES;
				GCC_WARN_64_TO_32_BIT_CONVERSION = YES;
				GCC_WARN_ABOUT_RETURN_TYPE = YES;
				GCC_WARN_UNINITIALIZED_AUTOS = YES;
				GCC_WARN_UNUSED_VARIABLE = YES;
				MACOSX_DEPLOYMENT_TARGET = 10.8;
				SDKROOT = macosx;
			};
			name = Release;
		};
		FC7EF83015E30FF8009A6BBC /* Debug */ = {
			isa = XCBuildConfiguration;
			buildSettings = {
				CLANG_CXX_LANGUAGE_STANDARD = "c++0x";
				COMBINE_HIDPI_IMAGES = YES;
				GCC_C_LANGUAGE_STANDARD = c99;
				GCC_PRECOMPILE_PREFIX_HEADER = YES;
				GCC_PREFIX_HEADER = Support/Prefix.pch;
				INFOPLIST_FILE = "$(SRCROOT)/Support/Info.plist";
				PRODUCT_NAME = Drill;
				WRAPPER_EXTENSION = app;
			};
			name = Debug;
		};
		FC7EF83115E30FF8009A6BBC /* Release */ = {
			isa = XCBuildConfiguration;
			buildSettings = {
				CLANG_CXX_LANGUAGE_STANDARD = "c++0x";
				COMBINE_HIDPI_IMAGES = YES;
				GCC_C_LANGUAGE_STANDARD = c99;
				GCC_PRECOMPILE_PREFIX_HEADER = YES;
				GCC_PREFIX_HEADER = Support/Prefix.pch;
				INFOPLIST_FILE = "$(SRCROOT)/Support/Info.plist";
				PRODUCT_NAME = Drill;
				WRAPPER_EXTENSION = app;
			};
			name = Release;
		};
/* End XCBuildConfiguration section */

/* Begin XCConfigurationList section */
		FC7EF80815E30FF8009A6BBC /* Build configuration list for PBXProject "Drill" */ = {
			isa = XCConfigurationList;
			buildConfigurations = (
				FC7EF82D15E30FF8009A6BBC /* Debug */,
				FC7EF82E15E30FF8009A6BBC /* Release */,
			);
			defaultConfigurationIsVisible = 0;
			defaultConfigurationName = Release;
		};
		FC7EF82F15E30FF8009A6BBC /* Build configuration list for PBXNativeTarget "Drill" */ = {
			isa = XCConfigurationList;
			buildConfigurations = (
				FC7EF83015E30FF8009A6BBC /* Debug */,
				FC7EF83115E30FF8009A6BBC /* Release */,
			);
			defaultConfigurationIsVisible = 0;
			defaultConfigurationName = Release;
		};
/* End XCConfigurationList section */
	};
	rootObject = FC7EF80515E30FF8009A6BBC /* Project object */;
}
